
Microsoft Visual Studio Solution File, Format Version 12.00
# Visual Studio Version 17
VisualStudioVersion = 17.6.33829.357
MinimumVisualStudioVersion = 10.0.40219.1
Project("{FAE04EC0-301F-11D3-BF4B-00C04F79EFBC}") = "Arrays", "Arrays\Arrays.csproj", "{672A8C32-5572-49AB-AA1E-D4EFC6D405CA}"
EndProject
Global
	GlobalSection(SolutionConfigurationPlatforms) = preSolution
		Debug|Any CPU = Debug|Any CPU
		Release|Any CPU = Release|Any CPU
	EndGlobalSection
	GlobalSection(ProjectConfigurationPlatforms) = postSolution
		{672A8C32-5572-49AB-AA1E-D4EFC6D405CA}.Debug|Any CPU.ActiveCfg = Debug|Any CPU
		{672A8C32-5572-49AB-AA1E-D4EFC6D405CA}.Debug|Any CPU.Build.0 = Debug|Any CPU
		{672A8C32-5572-49AB-AA1E-D4EFC6D405CA}.Release|Any CPU.ActiveCfg = Release|Any CPU
		{672A8C32-5572-49AB-AA1E-D4EFC6D405CA}.Release|Any CPU.Build.0 = Release|Any CPU
	EndGlobalSection
	GlobalSection(SolutionProperties) = preSolution
		HideSolutionNode = FALSE
	EndGlobalSection
	GlobalSection(ExtensibilityGlobals) = postSolution
		SolutionGuid = {3CA0203E-9668-4D97-AD5D-13D910BED4FC}
	EndGlobalSection
EndGlobal
